# This file is automatically @generated by Cargo.
# It is not intended for manual editing.
version = 3

[[package]]
name = "flagset"
version = "0.4.2"
source = "registry+https://github.com/rust-lang/crates.io-index"
checksum = "1207393e01e20804589a3fc9781c9df2a70687cd81362ca58e33b2a726ec83cf"

[[package]]
name = "interpreter"
version = "0.1.0"
dependencies = [
 "flagset",
]
